
Microsoft Visual Studio Solution File, Format Version 12.00
# Visual Studio Version 16
VisualStudioVersion = 16.0.29709.97
MinimumVisualStudioVersion = 10.0.40219.1
Project("{9A19103F-16F7-4668-BE54-9A1E7A4F7556}") = "TEST", "TEST\TEST.csproj", "{BA9D3CFC-69EA-42BF-909B-2E796D567393}"
EndProject
Project("{9A19103F-16F7-4668-BE54-9A1E7A4F7556}") = "TEST.EntityFrameworkCore", "TEST.EntityFrameworkCore\TEST.EntityFrameworkCore.csproj", "{A830C057-4CE1-4BED-B4A4-8E266C9E0406}"
EndProject
Project("{2150E333-8FDC-42A3-9474-1A3956D46DE8}") = "TEST.Exercise", "TEST.Exercise", "{2AE532BD-AB44-4712-AA1A-FC5A08E086C0}"
EndProject
Project("{9A19103F-16F7-4668-BE54-9A1E7A4F7556}") = "TEST.Exercise.Application", "TEST.Exercise.Application\TEST.Exercise.Application.csproj", "{77DABF9B-E325-4527-A86D-6EA81A2C8C23}"
EndProject
Project("{9A19103F-16F7-4668-BE54-9A1E7A4F7556}") = "TEST.Exercise.Domain", "TEST.Exercise.Domain\TEST.Exercise.Domain.csproj", "{C664A35B-9460-4D1D-BCA9-588664903592}"
EndProject
Project("{9A19103F-16F7-4668-BE54-9A1E7A4F7556}") = "TEST.Management", "TEST.Management\TEST.Management.csproj", "{5DAF2462-B27A-49CF-9CFC-7CEDBB44444D}"
EndProject
Global
	GlobalSection(SolutionConfigurationPlatforms) = preSolution
		Debug|Any CPU = Debug|Any CPU
		Release|Any CPU = Release|Any CPU
	EndGlobalSection
	GlobalSection(ProjectConfigurationPlatforms) = postSolution
		{BA9D3CFC-69EA-42BF-909B-2E796D567393}.Debug|Any CPU.ActiveCfg = Debug|Any CPU
		{BA9D3CFC-69EA-42BF-909B-2E796D567393}.Debug|Any CPU.Build.0 = Debug|Any CPU
		{BA9D3CFC-69EA-42BF-909B-2E796D567393}.Release|Any CPU.ActiveCfg = Release|Any CPU
		{BA9D3CFC-69EA-42BF-909B-2E796D567393}.Release|Any CPU.Build.0 = Release|Any CPU
		{A830C057-4CE1-4BED-B4A4-8E266C9E0406}.Debug|Any CPU.ActiveCfg = Debug|Any CPU
		{A830C057-4CE1-4BED-B4A4-8E266C9E0406}.Debug|Any CPU.Build.0 = Debug|Any CPU
		{A830C057-4CE1-4BED-B4A4-8E266C9E0406}.Release|Any CPU.ActiveCfg = Release|Any CPU
		{A830C057-4CE1-4BED-B4A4-8E266C9E0406}.Release|Any CPU.Build.0 = Release|Any CPU
		{77DABF9B-E325-4527-A86D-6EA81A2C8C23}.Debug|Any CPU.ActiveCfg = Debug|Any CPU
		{77DABF9B-E325-4527-A86D-6EA81A2C8C23}.Debug|Any CPU.Build.0 = Debug|Any CPU
		{77DABF9B-E325-4527-A86D-6EA81A2C8C23}.Release|Any CPU.ActiveCfg = Release|Any CPU
		{77DABF9B-E325-4527-A86D-6EA81A2C8C23}.Release|Any CPU.Build.0 = Release|Any CPU
		{C664A35B-9460-4D1D-BCA9-588664903592}.Debug|Any CPU.ActiveCfg = Debug|Any CPU
		{C664A35B-9460-4D1D-BCA9-588664903592}.Debug|Any CPU.Build.0 = Debug|Any CPU
		{C664A35B-9460-4D1D-BCA9-588664903592}.Release|Any CPU.ActiveCfg = Release|Any CPU
		{C664A35B-9460-4D1D-BCA9-588664903592}.Release|Any CPU.Build.0 = Release|Any CPU
		{5DAF2462-B27A-49CF-9CFC-7CEDBB44444D}.Debug|Any CPU.ActiveCfg = Debug|Any CPU
		{5DAF2462-B27A-49CF-9CFC-7CEDBB44444D}.Debug|Any CPU.Build.0 = Debug|Any CPU
		{5DAF2462-B27A-49CF-9CFC-7CEDBB44444D}.Release|Any CPU.ActiveCfg = Release|Any CPU
		{5DAF2462-B27A-49CF-9CFC-7CEDBB44444D}.Release|Any CPU.Build.0 = Release|Any CPU
	EndGlobalSection
	GlobalSection(SolutionProperties) = preSolution
		HideSolutionNode = FALSE
	EndGlobalSection
	GlobalSection(NestedProjects) = preSolution
		{77DABF9B-E325-4527-A86D-6EA81A2C8C23} = {2AE532BD-AB44-4712-AA1A-FC5A08E086C0}
		{C664A35B-9460-4D1D-BCA9-588664903592} = {2AE532BD-AB44-4712-AA1A-FC5A08E086C0}
	EndGlobalSection
	GlobalSection(ExtensibilityGlobals) = postSolution
		SolutionGuid = {41160558-894F-4778-8BA3-5B53B6A10BD1}
	EndGlobalSection
EndGlobal
